<?xml version="1.0" encoding="utf-8"?>
<Project ToolsVersion="4.0" xmlns="http://schemas.microsoft.com/developer/msbuild/2003">
  <ItemGroup>
    <Filter Include="Source Files">
      <UniqueIdentifier>{4FC737F1-C7A5-4376-A066-2A32D752A2FF}</UniqueIdentifier>
      <Extensions>cpp;c;cc;cxx;c++;cppm;ixx;def;odl;idl;hpj;bat;asm;asmx</Extensions>
    </Filter>
    <Filter Include="Header Files">
      <UniqueIdentifier>{93995380-89BD-4b04-88EB-625FBE52EBFB}</UniqueIdentifier>
      <Extensions>h;hh;hpp;hxx;h++;hm;inl;inc;ipp;xsd</Extensions>
    </Filter>
    <Filter Include="Resource Files">
      <UniqueIdentifier>{67DA6AB6-F800-4c08-8B7A-83BB121AAD01}</UniqueIdentifier>
      <Extensions>rc;ico;cur;bmp;dlg;rc2;rct;bin;rgs;gif;jpg;jpeg;jpe;resx;tiff;tif;png;wav;mfcribbon-ms</Extensions>
    </Filter>
    <Filter Include="Common">
      <UniqueIdentifier>{465de5dc-86ed-408c-a042-a7a69ce19d29}</UniqueIdentifier>
    </Filter>
    <Filter Include="Common\Logs">
      <UniqueIdentifier>{61b48d02-ace8-4868-9f31-504f4440a7aa}</UniqueIdentifier>
    </Filter>
    <Filter Include="Server">
      <UniqueIdentifier>{29d73df9-4024-4168-b293-3458059e408b}</UniqueIdentifier>
    </Filter>
    <Filter Include="Server\Database">
      <UniqueIdentifier>{37612fed-1b60-4108-aa77-83fa2b911843}</UniqueIdentifier>
    </Filter>
    <Filter Include="Common\Configuration">
      <UniqueIdentifier>{8393a318-5d94-4846-ad29-5a1a48f43f2c}</UniqueIdentifier>
    </Filter>
  </ItemGroup>
  <ItemGroup>
    <ClCompile Include="Secret.cpp">
      <Filter>Source Files</Filter>
    </ClCompile>
    <ClCompile Include="Common\Logs\Log.cpp">
      <Filter>Common\Logs</Filter>
    </ClCompile>
    <ClCompile Include="Common\Configuration\Configuration.cpp">
      <Filter>Common\Configuration</Filter>
    </ClCompile>
    <ClCompile Include="Common\Logs\Util.cpp">
      <Filter>Common\Logs</Filter>
    </ClCompile>
    <ClCompile Include="Server\Database\DB.cpp">
      <Filter>Server\Database</Filter>
    </ClCompile>
  </ItemGroup>
  <ItemGroup>
    <ClInclude Include="Common\define.h">
      <Filter>Common</Filter>
    </ClInclude>
    <ClInclude Include="Common\Logs\Log.h">
      <Filter>Common\Logs</Filter>
    </ClInclude>
    <ClInclude Include="Common\Logs\Util.h">
      <Filter>Common\Logs</Filter>
    </ClInclude>
    <ClInclude Include="Common\Configuration\Configuration.h">
      <Filter>Common\Configuration</Filter>
    </ClInclude>
    <ClInclude Include="Server\Database\DB.h">
      <Filter>Server\Database</Filter>
    </ClInclude>
  </ItemGroup>
</Project>